
Microsoft Visual Studio Solution File, Format Version 12.00
# Visual Studio 14
VisualStudioVersion = 14.0.25420.1
MinimumVisualStudioVersion = 10.0.40219.1
Project("{FAE04EC0-301F-11D3-BF4B-00C04F79EFBC}") = "GUIAPPLICATION", "GUIAPPLICATION\GUIAPPLICATION.csproj", "{F7E064E7-3ED7-460F-A8EA-640811B24357}"
EndProject
Project("{FAE04EC0-301F-11D3-BF4B-00C04F79EFBC}") = "GUI.UnitTest", "GUI.UnitTest\GUI.UnitTest.csproj", "{2CE24CCE-F69F-496A-8BEB-98A9F0DBBE31}"
EndProject
Global
	GlobalSection(SolutionConfigurationPlatforms) = preSolution
		Debug|Any CPU = Debug|Any CPU
		Release|Any CPU = Release|Any CPU
	EndGlobalSection
	GlobalSection(ProjectConfigurationPlatforms) = postSolution
		{F7E064E7-3ED7-460F-A8EA-640811B24357}.Debug|Any CPU.ActiveCfg = Debug|Any CPU
		{F7E064E7-3ED7-460F-A8EA-640811B24357}.Debug|Any CPU.Build.0 = Debug|Any CPU
		{F7E064E7-3ED7-460F-A8EA-640811B24357}.Release|Any CPU.ActiveCfg = Release|Any CPU
		{F7E064E7-3ED7-460F-A8EA-640811B24357}.Release|Any CPU.Build.0 = Release|Any CPU
		{2CE24CCE-F69F-496A-8BEB-98A9F0DBBE31}.Debug|Any CPU.ActiveCfg = Debug|Any CPU
		{2CE24CCE-F69F-496A-8BEB-98A9F0DBBE31}.Debug|Any CPU.Build.0 = Debug|Any CPU
		{2CE24CCE-F69F-496A-8BEB-98A9F0DBBE31}.Release|Any CPU.ActiveCfg = Release|Any CPU
		{2CE24CCE-F69F-496A-8BEB-98A9F0DBBE31}.Release|Any CPU.Build.0 = Release|Any CPU
	EndGlobalSection
	GlobalSection(SolutionProperties) = preSolution
		HideSolutionNode = FALSE
	EndGlobalSection
EndGlobal
